
Microsoft Visual Studio Solution File, Format Version 12.00
# Visual Studio 15
VisualStudioVersion = 15.0.28307.421
MinimumVisualStudioVersion = 10.0.40219.1
Project("{FAE04EC0-301F-11D3-BF4B-00C04F79EFBC}") = "InfluxDbTestApi", "InfluxDbTestApi\InfluxDbTestApi.csproj", "{327A1875-B1CD-433A-84C8-6C6A5DBFEEF8}"
EndProject
Project("{FAE04EC0-301F-11D3-BF4B-00C04F79EFBC}") = "InfluxDb.Lib", "InfluxDb.Lib\InfluxDb.Lib.csproj", "{C3E0298F-FB3E-4D7D-B4B4-3B29D6FB146A}"
EndProject
Global
	GlobalSection(SolutionConfigurationPlatforms) = preSolution
		Debug|Any CPU = Debug|Any CPU
		Release|Any CPU = Release|Any CPU
	EndGlobalSection
	GlobalSection(ProjectConfigurationPlatforms) = postSolution
		{327A1875-B1CD-433A-84C8-6C6A5DBFEEF8}.Debug|Any CPU.ActiveCfg = Debug|Any CPU
		{327A1875-B1CD-433A-84C8-6C6A5DBFEEF8}.Debug|Any CPU.Build.0 = Debug|Any CPU
		{327A1875-B1CD-433A-84C8-6C6A5DBFEEF8}.Release|Any CPU.ActiveCfg = Release|Any CPU
		{327A1875-B1CD-433A-84C8-6C6A5DBFEEF8}.Release|Any CPU.Build.0 = Release|Any CPU
		{C3E0298F-FB3E-4D7D-B4B4-3B29D6FB146A}.Debug|Any CPU.ActiveCfg = Debug|Any CPU
		{C3E0298F-FB3E-4D7D-B4B4-3B29D6FB146A}.Debug|Any CPU.Build.0 = Debug|Any CPU
		{C3E0298F-FB3E-4D7D-B4B4-3B29D6FB146A}.Release|Any CPU.ActiveCfg = Release|Any CPU
		{C3E0298F-FB3E-4D7D-B4B4-3B29D6FB146A}.Release|Any CPU.Build.0 = Release|Any CPU
	EndGlobalSection
	GlobalSection(SolutionProperties) = preSolution
		HideSolutionNode = FALSE
	EndGlobalSection
	GlobalSection(ExtensibilityGlobals) = postSolution
		SolutionGuid = {B057FBE4-0F84-4CDB-836C-7BDE2B4F54E6}
	EndGlobalSection
EndGlobal
